
Microsoft Visual Studio Solution File, Format Version 12.00
# Visual Studio Version 17
VisualStudioVersion = 17.5.002.0
MinimumVisualStudioVersion = 10.0.40219.1
Project("{9A19103F-16F7-4668-BE54-9A1E7A4F7556}") = "Others", "Others.csproj", "{293D3400-C969-4C80-9BC2-91851F3809F3}"
EndProject
Global
	GlobalSection(SolutionConfigurationPlatforms) = preSolution
		Debug|Any CPU = Debug|Any CPU
		Release|Any CPU = Release|Any CPU
	EndGlobalSection
	GlobalSection(ProjectConfigurationPlatforms) = postSolution
		{293D3400-C969-4C80-9BC2-91851F3809F3}.Debug|Any CPU.ActiveCfg = Debug|Any CPU
		{293D3400-C969-4C80-9BC2-91851F3809F3}.Debug|Any CPU.Build.0 = Debug|Any CPU
		{293D3400-C969-4C80-9BC2-91851F3809F3}.Release|Any CPU.ActiveCfg = Release|Any CPU
		{293D3400-C969-4C80-9BC2-91851F3809F3}.Release|Any CPU.Build.0 = Release|Any CPU
	EndGlobalSection
	GlobalSection(SolutionProperties) = preSolution
		HideSolutionNode = FALSE
	EndGlobalSection
	GlobalSection(ExtensibilityGlobals) = postSolution
		SolutionGuid = {3AD1E33A-2C9B-46F9-9C01-8498D4AE76E5}
	EndGlobalSection
EndGlobal
